// !$*UTF8*$!
{
	archiveVersion = 1;
	classes = {
	};
	objectVersion = 50;
	objects = {

/* Begin PBXBuildFile section */
		9931FDA52494DE9E00677560 /* AppDelegate.swift in Sources */ = {isa = PBXBuildFile; fileRef = 9931FDA42494DE9E00677560 /* AppDelegate.swift */; };
		9931FDA72494DE9E00677560 /* SceneDelegate.swift in Sources */ = {isa = PBXBuildFile; fileRef = 9931FDA62494DE9E00677560 /* SceneDelegate.swift */; };
		9931FDA92494DE9E00677560 /* ViewController.swift in Sources */ = {isa = PBXBuildFile; fileRef = 9931FDA82494DE9E00677560 /* ViewController.swift */; };
		9931FDAC2494DE9E00677560 /* Main.storyboard in Resources */ = {isa = PBXBuildFile; fileRef = 9931FDAA2494DE9E00677560 /* Main.storyboard */; };
		9931FDAE2494DEA000677560 /* Assets.xcassets in Resources */ = {isa = PBXBuildFile; fileRef = 9931FDAD2494DEA000677560 /* Assets.xcassets */; };
		9931FDB12494DEA000677560 /* LaunchScreen.storyboard in Resources */ = {isa = PBXBuildFile; fileRef = 9931FDAF2494DEA000677560 /* LaunchScreen.storyboard */; };
		9931FDBC2494DEA100677560 /* HelloWorldTests.swift in Sources */ = {isa = PBXBuildFile; fileRef = 9931FDBB2494DEA100677560 /* HelloWorldTests.swift */; };
		9931FDC72494DEA100677560 /* HelloWorldUITests.swift in Sources */ = {isa = PBXBuildFile; fileRef = 9931FDC62494DEA100677560 /* HelloWorldUITests.swift */; };
		9931FDD72494FD0700677560 /* LaunchScreen2.storyboard in Resources */ = {isa = PBXBuildFile; fileRef = 9931FDD62494FD0700677560 /* LaunchScreen2.storyboard */; };
/* End PBXBuildFile section */

/* Begin PBXContainerItemProxy section */
		9931FDB82494DEA100677560 /* PBXContainerItemProxy */ = {
			isa = PBXContainerItemProxy;
			containerPortal = 9931FD992494DE9E00677560 /* Project object */;
			proxyType = 1;
			remoteGlobalIDString = 9931FDA02494DE9E00677560;
			remoteInfo = HelloWorld;
		};
		9931FDC32494DEA100677560 /* PBXContainerItemProxy */ = {
			isa = PBXContainerItemProxy;
			containerPortal = 9931FD992494DE9E00677560 /* Project object */;
			proxyType = 1;
			remoteGlobalIDString = 9931FDA02494DE9E00677560;
			remoteInfo = HelloWorld;
		};
/* End PBXContainerItemProxy section */

/* Begin PBXFileReference section */
		9931FDA12494DE9E00677560 /* HelloWorld.app */ = {isa = PBXFileReference; explicitFileType = wrapper.application; includeInIndex = 0; path = HelloWorld.app; sourceTree = BUILT_PRODUCTS_DIR; };
		9931FDA42494DE9E00677560 /* AppDelegate.swift */ = {isa = PBXFileReference; lastKnownFileType = sourcecode.swift; path = AppDelegate.swift; sourceTree = "<group>"; };
		9931FDA62494DE9E00677560 /* SceneDelegate.swift */ = {isa = PBXFileReference; lastKnownFileType = sourcecode.swift; path = SceneDelegate.swift; sourceTree = "<group>"; };
		9931FDA82494DE9E00677560 /* ViewController.swift */ = {isa = PBXFileReference; lastKnownFileType = sourcecode.swift; path = ViewController.swift; sourceTree = "<group>"; };
		9931FDAB2494DE9E00677560 /* Base */ = {isa = PBXFileReference; lastKnownFileType = file.storyboard; name = Base; path = Base.lproj/Main.storyboard; sourceTree = "<group>"; };
		9931FDAD2494DEA000677560 /* Assets.xcassets */ = {isa = PBXFileReference; lastKnownFileType = folder.assetcatalog; path = Assets.xcassets; sourceTree = "<group>"; };
		9931FDB02494DEA000677560 /* Base */ = {isa = PBXFileReference; lastKnownFileType = file.storyboard; name = Base; path = Base.lproj/LaunchScreen.storyboard; sourceTree = "<group>"; };
		9931FDB22494DEA000677560 /* Info.plist */ = {isa = PBXFileReference; lastKnownFileType = text.plist.xml; path = Info.plist; sourceTree = "<group>"; };
		9931FDB72494DEA100677560 /* HelloWorldTests.xctest */ = {isa = PBXFileReference; explicitFileType = wrapper.cfbundle; includeInIndex = 0; path = HelloWorldTests.xctest; sourceTree = BUILT_PRODUCTS_DIR; };
		9931FDBB2494DEA100677560 /* HelloWorldTests.swift */ = {isa = PBXFileReference; lastKnownFileType = sourcecode.swift; path = HelloWorldTests.swift; sourceTree = "<group>"; };
		9931FDBD2494DEA100677560 /* Info.plist */ = {isa = PBXFileReference; lastKnownFileType = text.plist.xml; path = Info.plist; sourceTree = "<group>"; };
		9931FDC22494DEA100677560 /* HelloWorldUITests.xctest */ = {isa = PBXFileReference; explicitFileType = wrapper.cfbundle; includeInIndex = 0; path = HelloWorldUITests.xctest; sourceTree = BUILT_PRODUCTS_DIR; };
		9931FDC62494DEA100677560 /* HelloWorldUITests.swift */ = {isa = PBXFileReference; lastKnownFileType = sourcecode.swift; path = HelloWorldUITests.swift; sourceTree = "<group>"; };
		9931FDC82494DEA100677560 /* Info.plist */ = {isa = PBXFileReference; lastKnownFileType = text.plist.xml; path = Info.plist; sourceTree = "<group>"; };
		9931FDD62494FD0700677560 /* LaunchScreen2.storyboard */ = {isa = PBXFileReference; lastKnownFileType = file.storyboard; path = LaunchScreen2.storyboard; sourceTree = "<group>"; };
/* End PBXFileReference section */

/* Begin PBXFrameworksBuildPhase section */
		9931FD9E2494DE9E00677560 /* Frameworks */ = {
			isa = PBXFrameworksBuildPhase;
			buildActionMask = 2147483647;
			files = (
			);
			runOnlyForDeploymentPostprocessing = 0;
		};
		9931FDB42494DEA100677560 /* Frameworks */ = {
			isa = PBXFrameworksBuildPhase;
			buildActionMask = 2147483647;
			files = (
			);
			runOnlyForDeploymentPostprocessing = 0;
		};
		9931FDBF2494DEA100677560 /* Frameworks */ = {
			isa = PBXFrameworksBuildPhase;
			buildActionMask = 2147483647;
			files = (
			);
			runOnlyForDeploymentPostprocessing = 0;
		};
/* End PBXFrameworksBuildPhase section */

/* Begin PBXGroup section */
		9931FD982494DE9E00677560 = {
			isa = PBXGroup;
			children = (
				9931FDD62494FD0700677560 /* LaunchScreen2.storyboard */,
				9931FDA32494DE9E00677560 /* HelloWorld */,
				9931FDBA2494DEA100677560 /* HelloWorldTests */,
				9931FDC52494DEA100677560 /* HelloWorldUITests */,
				9931FDA22494DE9E00677560 /* Products */,
			);
			sourceTree = "<group>";
		};
		9931FDA22494DE9E00677560 /* Products */ = {
			isa = PBXGroup;
			children = (
				9931FDA12494DE9E00677560 /* HelloWorld.app */,
				9931FDB72494DEA100677560 /* HelloWorldTests.xctest */,
				9931FDC22494DEA100677560 /* HelloWorldUITests.xctest */,
			);
			name = Products;
			sourceTree = "<group>";
		};
		9931FDA32494DE9E00677560 /* HelloWorld */ = {
			isa = PBXGroup;
			children = (
				9931FDA42494DE9E00677560 /* AppDelegate.swift */,
				9931FDA62494DE9E00677560 /* SceneDelegate.swift */,
				9931FDA82494DE9E00677560 /* ViewController.swift */,
				9931FDAA2494DE9E00677560 /* Main.storyboard */,
				9931FDAD2494DEA000677560 /* Assets.xcassets */,
				9931FDAF2494DEA000677560 /* LaunchScreen.storyboard */,
				9931FDB22494DEA000677560 /* Info.plist */,
			);
			path = HelloWorld;
			sourceTree = "<group>";
		};
		9931FDBA2494DEA100677560 /* HelloWorldTests */ = {
			isa = PBXGroup;
			children = (
				9931FDBB2494DEA100677560 /* HelloWorldTests.swift */,
				9931FDBD2494DEA100677560 /* Info.plist */,
			);
			path = HelloWorldTests;
			sourceTree = "<group>";
		};
		9931FDC52494DEA100677560 /* HelloWorldUITests */ = {
			isa = PBXGroup;
			children = (
				9931FDC62494DEA100677560 /* HelloWorldUITests.swift */,
				9931FDC82494DEA100677560 /* Info.plist */,
			);
			path = HelloWorldUITests;
			sourceTree = "<group>";
		};
/* End PBXGroup section */

/* Begin PBXNativeTarget section */
		9931FDA02494DE9E00677560 /* HelloWorld */ = {
			isa = PBXNativeTarget;
			buildConfigurationList = 9931FDCB2494DEA100677560 /* Build configuration list for PBXNativeTarget "HelloWorld" */;
			buildPhases = (
				9931FD9D2494DE9E00677560 /* Sources */,
				9931FD9E2494DE9E00677560 /* Frameworks */,
				9931FD9F2494DE9E00677560 /* Resources */,
			);
			buildRules = (
			);
			dependencies = (
			);
			name = HelloWorld;
			productName = HelloWorld;
			productReference = 9931FDA12494DE9E00677560 /* HelloWorld.app */;
			productType = "com.apple.product-type.application";
		};
		9931FDB62494DEA100677560 /* HelloWorldTests */ = {
			isa = PBXNativeTarget;
			buildConfigurationList = 9931FDCE2494DEA100677560 /* Build configuration list for PBXNativeTarget "HelloWorldTests" */;
			buildPhases = (
				9931FDB32494DEA100677560 /* Sources */,
				9931FDB42494DEA100677560 /* Frameworks */,
				9931FDB52494DEA100677560 /* Resources */,
			);
			buildRules = (
			);
			dependencies = (
				9931FDB92494DEA100677560 /* PBXTargetDependency */,
			);
			name = HelloWorldTests;
			productName = HelloWorldTests;
			productReference = 9931FDB72494DEA100677560 /* HelloWorldTests.xctest */;
			productType = "com.apple.product-type.bundle.unit-test";
		};
		9931FDC12494DEA100677560 /* HelloWorldUITests */ = {
			isa = PBXNativeTarget;
			buildConfigurationList = 9931FDD12494DEA100677560 /* Build configuration list for PBXNativeTarget "HelloWorldUITests" */;
			buildPhases = (
				9931FDBE2494DEA100677560 /* Sources */,
				9931FDBF2494DEA100677560 /* Frameworks */,
				9931FDC02494DEA100677560 /* Resources */,
			);
			buildRules = (
			);
			dependencies = (
				9931FDC42494DEA100677560 /* PBXTargetDependency */,
			);
			name = HelloWorldUITests;
			productName = HelloWorldUITests;
			productReference = 9931FDC22494DEA100677560 /* HelloWorldUITests.xctest */;
			productType = "com.apple.product-type.bundle.ui-testing";
		};
/* End PBXNativeTarget section */

/* Begin PBXProject section */
		9931FD992494DE9E00677560 /* Project object */ = {
			isa = PBXProject;
			attributes = {
				LastSwiftUpdateCheck = 1150;
				LastUpgradeCheck = 1150;
				ORGANIZATIONNAME = paikwiki;
				TargetAttributes = {
					9931FDA02494DE9E00677560 = {
						CreatedOnToolsVersion = 11.5;
					};
					9931FDB62494DEA100677560 = {
						CreatedOnToolsVersion = 11.5;
						TestTargetID = 9931FDA02494DE9E00677560;
					};
					9931FDC12494DEA100677560 = {
						CreatedOnToolsVersion = 11.5;
						TestTargetID = 9931FDA02494DE9E00677560;
					};
				};
			};
			buildConfigurationList = 9931FD9C2494DE9E00677560 /* Build configuration list for PBXProject "HelloWorld" */;
			compatibilityVersion = "Xcode 9.3";
			developmentRegion = en;
			hasScannedForEncodings = 0;
			knownRegions = (
				en,
				Base,
			);
			mainGroup = 9931FD982494DE9E00677560;
			productRefGroup = 9931FDA22494DE9E00677560 /* Products */;
			projectDirPath = "";
			projectRoot = "";
			targets = (
				9931FDA02494DE9E00677560 /* HelloWorld */,
				9931FDB62494DEA100677560 /* HelloWorldTests */,
				9931FDC12494DEA100677560 /* HelloWorldUITests */,
			);
		};
/* End PBXProject section */

/* Begin PBXResourcesBuildPhase section */
		9931FD9F2494DE9E00677560 /* Resources */ = {
			isa = PBXResourcesBuildPhase;
			buildActionMask = 2147483647;
			files = (
				9931FDD72494FD0700677560 /* LaunchScreen2.storyboard in Resources */,
				9931FDB12494DEA000677560 /* LaunchScreen.storyboard in Resources */,
				9931FDAE2494DEA000677560 /* Assets.xcassets in Resources */,
				9931FDAC2494DE9E00677560 /* Main.storyboard in Resources */,
			);
			runOnlyForDeploymentPostprocessing = 0;
		};
		9931FDB52494DEA100677560 /* Resources */ = {
			isa = PBXResourcesBuildPhase;
			buildActionMask = 2147483647;
			files = (
			);
			runOnlyForDeploymentPostprocessing = 0;
		};
		9931FDC02494DEA100677560 /* Resources */ = {
			isa = PBXResourcesBuildPhase;
			buildActionMask = 2147483647;
			files = (
			);
			runOnlyForDeploymentPostprocessing = 0;
		};
/* End PBXResourcesBuildPhase section */

/* Begin PBXSourcesBuildPhase section */
		9931FD9D2494DE9E00677560 /* Sources */ = {
			isa = PBXSourcesBuildPhase;
			buildActionMask = 2147483647;
			files = (
				9931FDA92494DE9E00677560 /* ViewController.swift in Sources */,
				9931FDA52494DE9E00677560 /* AppDelegate.swift in Sources */,
				9931FDA72494DE9E00677560 /* SceneDelegate.swift in Sources */,
			);
			runOnlyForDeploymentPostprocessing = 0;
		};
		9931FDB32494DEA100677560 /* Sources */ = {
			isa = PBXSourcesBuildPhase;
			buildActionMask = 2147483647;
			files = (
				9931FDBC2494DEA100677560 /* HelloWorldTests.swift in Sources */,
			);
			runOnlyForDeploymentPostprocessing = 0;
		};
		9931FDBE2494DEA100677560 /* Sources */ = {
			isa = PBXSourcesBuildPhase;
			buildActionMask = 2147483647;
			files = (
				9931FDC72494DEA100677560 /* HelloWorldUITests.swift in Sources */,
			);
			runOnlyForDeploymentPostprocessing = 0;
		};
/* End PBXSourcesBuildPhase section */

/* Begin PBXTargetDependency section */
		9931FDB92494DEA100677560 /* PBXTargetDependency */ = {
			isa = PBXTargetDependency;
			target = 9931FDA02494DE9E00677560 /* HelloWorld */;
			targetProxy = 9931FDB82494DEA100677560 /* PBXContainerItemProxy */;
		};
		9931FDC42494DEA100677560 /* PBXTargetDependency */ = {
			isa = PBXTargetDependency;
			target = 9931FDA02494DE9E00677560 /* HelloWorld */;
			targetProxy = 9931FDC32494DEA100677560 /* PBXContainerItemProxy */;
		};
/* End PBXTargetDependency section */

/* Begin PBXVariantGroup section */
		9931FDAA2494DE9E00677560 /* Main.storyboard */ = {
			isa = PBXVariantGroup;
			children = (
				9931FDAB2494DE9E00677560 /* Base */,
			);
			name = Main.storyboard;
			sourceTree = "<group>";
		};
		9931FDAF2494DEA000677560 /* LaunchScreen.storyboard */ = {
			isa = PBXVariantGroup;
			children = (
				9931FDB02494DEA000677560 /* Base */,
			);
			name = LaunchScreen.storyboard;
			sourceTree = "<group>";
		};
/* End PBXVariantGroup section */

/* Begin XCBuildConfiguration section */
		9931FDC92494DEA100677560 /* Debug */ = {
			isa = XCBuildConfiguration;
			buildSettings = {
				ALWAYS_SEARCH_USER_PATHS = NO;
				CLANG_ANALYZER_NONNULL = YES;
				CLANG_ANALYZER_NUMBER_OBJECT_CONVERSION = YES_AGGRESSIVE;
				CLANG_CXX_LANGUAGE_STANDARD = "gnu++14";
				CLANG_CXX_LIBRARY = "libc++";
				CLANG_ENABLE_MODULES = YES;
				CLANG_ENABLE_OBJC_ARC = YES;
				CLANG_ENABLE_OBJC_WEAK = YES;
				CLANG_WARN_BLOCK_CAPTURE_AUTORELEASING = YES;
				CLANG_WARN_BOOL_CONVERSION = YES;
				CLANG_WARN_COMMA = YES;
				CLANG_WARN_CONSTANT_CONVERSION = YES;
				CLANG_WARN_DEPRECATED_OBJC_IMPLEMENTATIONS = YES;
				CLANG_WARN_DIRECT_OBJC_ISA_USAGE = YES_ERROR;
				CLANG_WARN_DOCUMENTATION_COMMENTS = YES;
				CLANG_WARN_EMPTY_BODY = YES;
				CLANG_WARN_ENUM_CONVERSION = YES;
				CLANG_WARN_INFINITE_RECURSION = YES;
				CLANG_WARN_INT_CONVERSION = YES;
				CLANG_WARN_NON_LITERAL_NULL_CONVERSION = YES;
				CLANG_WARN_OBJC_IMPLICIT_RETAIN_SELF = YES;
				CLANG_WARN_OBJC_LITERAL_CONVERSION = YES;
				CLANG_WARN_OBJC_ROOT_CLASS = YES_ERROR;
				CLANG_WARN_RANGE_LOOP_ANALYSIS = YES;
				CLANG_WARN_STRICT_PROTOTYPES = YES;
				CLANG_WARN_SUSPICIOUS_MOVE = YES;
				CLANG_WARN_UNGUARDED_AVAILABILITY = YES_AGGRESSIVE;
				CLANG_WARN_UNREACHABLE_CODE = YES;
				CLANG_WARN__DUPLICATE_METHOD_MATCH = YES;
				COPY_PHASE_STRIP = NO;
				DEBUG_INFORMATION_FORMAT = dwarf;
				ENABLE_STRICT_OBJC_MSGSEND = YES;
				ENABLE_TESTABILITY = YES;
				GCC_C_LANGUAGE_STANDARD = gnu11;
				GCC_DYNAMIC_NO_PIC = NO;
				GCC_NO_COMMON_BLOCKS = YES;
				GCC_OPTIMIZATION_LEVEL = 0;
				GCC_PREPROCESSOR_DEFINITIONS = (
					"DEBUG=1",
					"$(inherited)",
				);
				GCC_WARN_64_TO_32_BIT_CONVERSION = YES;
				GCC_WARN_ABOUT_RETURN_TYPE = YES_ERROR;
				GCC_WARN_UNDECLARED_SELECTOR = YES;
				GCC_WARN_UNINITIALIZED_AUTOS = YES_AGGRESSIVE;
				GCC_WARN_UNUSED_FUNCTION = YES;
				GCC_WARN_UNUSED_VARIABLE = YES;
				IPHONEOS_DEPLOYMENT_TARGET = 13.5;
				MTL_ENABLE_DEBUG_INFO = INCLUDE_SOURCE;
				MTL_FAST_MATH = YES;
				ONLY_ACTIVE_ARCH = YES;
				SDKROOT = iphoneos;
				SWIFT_ACTIVE_COMPILATION_CONDITIONS = DEBUG;
				SWIFT_OPTIMIZATION_LEVEL = "-Onone";
			};
			name = Debug;
		};
		9931FDCA2494DEA100677560 /* Release */ = {
			isa = XCBuildConfiguration;
			buildSettings = {
				ALWAYS_SEARCH_USER_PATHS = NO;
				CLANG_ANALYZER_NONNULL = YES;
				CLANG_ANALYZER_NUMBER_OBJECT_CONVERSION = YES_AGGRESSIVE;
				CLANG_CXX_LANGUAGE_STANDARD = "gnu++14";
				CLANG_CXX_LIBRARY = "libc++";
				CLANG_ENABLE_MODULES = YES;
				CLANG_ENABLE_OBJC_ARC = YES;
				CLANG_ENABLE_OBJC_WEAK = YES;
				CLANG_WARN_BLOCK_CAPTURE_AUTORELEASING = YES;
				CLANG_WARN_BOOL_CONVERSION = YES;
				CLANG_WARN_COMMA = YES;
				CLANG_WARN_CONSTANT_CONVERSION = YES;
				CLANG_WARN_DEPRECATED_OBJC_IMPLEMENTATIONS = YES;
				CLANG_WARN_DIRECT_OBJC_ISA_USAGE = YES_ERROR;
				CLANG_WARN_DOCUMENTATION_COMMENTS = YES;
				CLANG_WARN_EMPTY_BODY = YES;
				CLANG_WARN_ENUM_CONVERSION = YES;
				CLANG_WARN_INFINITE_RECURSION = YES;
				CLANG_WARN_INT_CONVERSION = YES;
				CLANG_WARN_NON_LITERAL_NULL_CONVERSION = YES;
				CLANG_WARN_OBJC_IMPLICIT_RETAIN_SELF = YES;
				CLANG_WARN_OBJC_LITERAL_CONVERSION = YES;
				CLANG_WARN_OBJC_ROOT_CLASS = YES_ERROR;
				CLANG_WARN_RANGE_LOOP_ANALYSIS = YES;
				CLANG_WARN_STRICT_PROTOTYPES = YES;
				CLANG_WARN_SUSPICIOUS_MOVE = YES;
				CLANG_WARN_UNGUARDED_AVAILABILITY = YES_AGGRESSIVE;
				CLANG_WARN_UNREACHABLE_CODE = YES;
				CLANG_WARN__DUPLICATE_METHOD_MATCH = YES;
				COPY_PHASE_STRIP = NO;
				DEBUG_INFORMATION_FORMAT = "dwarf-with-dsym";
				ENABLE_NS_ASSERTIONS = NO;
				ENABLE_STRICT_OBJC_MSGSEND = YES;
				GCC_C_LANGUAGE_STANDARD = gnu11;
				GCC_NO_COMMON_BLOCKS = YES;
				GCC_WARN_64_TO_32_BIT_CONVERSION = YES;
				GCC_WARN_ABOUT_RETURN_TYPE = YES_ERROR;
				GCC_WARN_UNDECLARED_SELECTOR = YES;
				GCC_WARN_UNINITIALIZED_AUTOS = YES_AGGRESSIVE;
				GCC_WARN_UNUSED_FUNCTION = YES;
				GCC_WARN_UNUSED_VARIABLE = YES;
				IPHONEOS_DEPLOYMENT_TARGET = 13.5;
				MTL_ENABLE_DEBUG_INFO = NO;
				MTL_FAST_MATH = YES;
				SDKROOT = iphoneos;
				SWIFT_COMPILATION_MODE = wholemodule;
				SWIFT_OPTIMIZATION_LEVEL = "-O";
				VALIDATE_PRODUCT = YES;
			};
			name = Release;
		};
		9931FDCC2494DEA100677560 /* Debug */ = {
			isa = XCBuildConfiguration;
			buildSettings = {
				ASSETCATALOG_COMPILER_APPICON_NAME = AppIcon;
				CODE_SIGN_STYLE = Automatic;
				DEVELOPMENT_TEAM = V43P33VM9J;
				INFOPLIST_FILE = HelloWorld/Info.plist;
				LD_RUNPATH_SEARCH_PATHS = (
					"$(inherited)",
					"@executable_path/Frameworks",
				);
				PRODUCT_BUNDLE_IDENTIFIER = com.paikwiki.HelloWorld;
				PRODUCT_NAME = "$(TARGET_NAME)";
				SWIFT_VERSION = 5.0;
				TARGETED_DEVICE_FAMILY = 1;
			};
			name = Debug;
		};
		9931FDCD2494DEA100677560 /* Release */ = {
			isa = XCBuildConfiguration;
			buildSettings = {
				ASSETCATALOG_COMPILER_APPICON_NAME = AppIcon;
				CODE_SIGN_STYLE = Automatic;
				DEVELOPMENT_TEAM = V43P33VM9J;
				INFOPLIST_FILE = HelloWorld/Info.plist;
				LD_RUNPATH_SEARCH_PATHS = (
					"$(inherited)",
					"@executable_path/Frameworks",
				);
				PRODUCT_BUNDLE_IDENTIFIER = com.paikwiki.HelloWorld;
				PRODUCT_NAME = "$(TARGET_NAME)";
				SWIFT_VERSION = 5.0;
				TARGETED_DEVICE_FAMILY = 1;
			};
			name = Release;
		};
		9931FDCF2494DEA100677560 /* Debug */ = {
			isa = XCBuildConfiguration;
			buildSettings = {
				ALWAYS_EMBED_SWIFT_STANDARD_LIBRARIES = YES;
				BUNDLE_LOADER = "$(TEST_HOST)";
				CODE_SIGN_STYLE = Automatic;
				DEVELOPMENT_TEAM = V43P33VM9J;
				INFOPLIST_FILE = HelloWorldTests/Info.plist;
				IPHONEOS_DEPLOYMENT_TARGET = 13.5;
				LD_RUNPATH_SEARCH_PATHS = (
					"$(inherited)",
					"@executable_path/Frameworks",
					"@loader_path/Frameworks",
				);
				PRODUCT_BUNDLE_IDENTIFIER = com.paikwiki.HelloWorldTests;
				PRODUCT_NAME = "$(TARGET_NAME)";
				SWIFT_VERSION = 5.0;
				TARGETED_DEVICE_FAMILY = "1,2";
				TEST_HOST = "$(BUILT_PRODUCTS_DIR)/HelloWorld.app/HelloWorld";
			};
			name = Debug;
		};
		9931FDD02494DEA100677560 /* Release */ = {
			isa = XCBuildConfiguration;
			buildSettings = {
				ALWAYS_EMBED_SWIFT_STANDARD_LIBRARIES = YES;
				BUNDLE_LOADER = "$(TEST_HOST)";
				CODE_SIGN_STYLE = Automatic;
				DEVELOPMENT_TEAM = V43P33VM9J;
				INFOPLIST_FILE = HelloWorldTests/Info.plist;
				IPHONEOS_DEPLOYMENT_TARGET = 13.5;
				LD_RUNPATH_SEARCH_PATHS = (
					"$(inherited)",
					"@executable_path/Frameworks",
					"@loader_path/Frameworks",
				);
				PRODUCT_BUNDLE_IDENTIFIER = com.paikwiki.HelloWorldTests;
				PRODUCT_NAME = "$(TARGET_NAME)";
				SWIFT_VERSION = 5.0;
				TARGETED_DEVICE_FAMILY = "1,2";
				TEST_HOST = "$(BUILT_PRODUCTS_DIR)/HelloWorld.app/HelloWorld";
			};
			name = Release;
		};
		9931FDD22494DEA100677560 /* Debug */ = {
			isa = XCBuildConfiguration;
			buildSettings = {
				ALWAYS_EMBED_SWIFT_STANDARD_LIBRARIES = YES;
				CODE_SIGN_STYLE = Automatic;
				DEVELOPMENT_TEAM = V43P33VM9J;
				INFOPLIST_FILE = HelloWorldUITests/Info.plist;
				LD_RUNPATH_SEARCH_PATHS = (
					"$(inherited)",
					"@executable_path/Frameworks",
					"@loader_path/Frameworks",
				);
				PRODUCT_BUNDLE_IDENTIFIER = com.paikwiki.HelloWorldUITests;
				PRODUCT_NAME = "$(TARGET_NAME)";
				SWIFT_VERSION = 5.0;
				TARGETED_DEVICE_FAMILY = "1,2";
				TEST_TARGET_NAME = HelloWorld;
			};
			name = Debug;
		};
		9931FDD32494DEA100677560 /* Release */ = {
			isa = XCBuildConfiguration;
			buildSettings = {
				ALWAYS_EMBED_SWIFT_STANDARD_LIBRARIES = YES;
				CODE_SIGN_STYLE = Automatic;
				DEVELOPMENT_TEAM = V43P33VM9J;
				INFOPLIST_FILE = HelloWorldUITests/Info.plist;
				LD_RUNPATH_SEARCH_PATHS = (
					"$(inherited)",
					"@executable_path/Frameworks",
					"@loader_path/Frameworks",
				);
				PRODUCT_BUNDLE_IDENTIFIER = com.paikwiki.HelloWorldUITests;
				PRODUCT_NAME = "$(TARGET_NAME)";
				SWIFT_VERSION = 5.0;
				TARGETED_DEVICE_FAMILY = "1,2";
				TEST_TARGET_NAME = HelloWorld;
			};
			name = Release;
		};
/* End XCBuildConfiguration section */

/* Begin XCConfigurationList section */
		9931FD9C2494DE9E00677560 /* Build configuration list for PBXProject "HelloWorld" */ = {
			isa = XCConfigurationList;
			buildConfigurations = (
				9931FDC92494DEA100677560 /* Debug */,
				9931FDCA2494DEA100677560 /* Release */,
			);
			defaultConfigurationIsVisible = 0;
			defaultConfigurationName = Release;
		};
		9931FDCB2494DEA100677560 /* Build configuration list for PBXNativeTarget "HelloWorld" */ = {
			isa = XCConfigurationList;
			buildConfigurations = (
				9931FDCC2494DEA100677560 /* Debug */,
				9931FDCD2494DEA100677560 /* Release */,
			);
			defaultConfigurationIsVisible = 0;
			defaultConfigurationName = Release;
		};
		9931FDCE2494DEA100677560 /* Build configuration list for PBXNativeTarget "HelloWorldTests" */ = {
			isa = XCConfigurationList;
			buildConfigurations = (
				9931FDCF2494DEA100677560 /* Debug */,
				9931FDD02494DEA100677560 /* Release */,
			);
			defaultConfigurationIsVisible = 0;
			defaultConfigurationName = Release;
		};
		9931FDD12494DEA100677560 /* Build configuration list for PBXNativeTarget "HelloWorldUITests" */ = {
			isa = XCConfigurationList;
			buildConfigurations = (
				9931FDD22494DEA100677560 /* Debug */,
				9931FDD32494DEA100677560 /* Release */,
			);
			defaultConfigurationIsVisible = 0;
			defaultConfigurationName = Release;
		};
/* End XCConfigurationList section */
	};
	rootObject = 9931FD992494DE9E00677560 /* Project object */;
}
