// !$*UTF8*$!
{
	archiveVersion = 1;
	classes = {
	};
	objectVersion = 50;
	objects = {

/* Begin PBXBuildFile section */
		99C7695E249A4A0F00FEC8D7 /* AppDelegate.swift in Sources */ = {isa = PBXBuildFile; fileRef = 99C7695D249A4A0F00FEC8D7 /* AppDelegate.swift */; };
		99C76960249A4A0F00FEC8D7 /* SceneDelegate.swift in Sources */ = {isa = PBXBuildFile; fileRef = 99C7695F249A4A0F00FEC8D7 /* SceneDelegate.swift */; };
		99C76962249A4A0F00FEC8D7 /* ViewController.swift in Sources */ = {isa = PBXBuildFile; fileRef = 99C76961249A4A0F00FEC8D7 /* ViewController.swift */; };
		99C76965249A4A0F00FEC8D7 /* Main.storyboard in Resources */ = {isa = PBXBuildFile; fileRef = 99C76963249A4A0F00FEC8D7 /* Main.storyboard */; };
		99C76967249A4A1400FEC8D7 /* Assets.xcassets in Resources */ = {isa = PBXBuildFile; fileRef = 99C76966249A4A1400FEC8D7 /* Assets.xcassets */; };
		99C7696A249A4A1400FEC8D7 /* LaunchScreen.storyboard in Resources */ = {isa = PBXBuildFile; fileRef = 99C76968249A4A1400FEC8D7 /* LaunchScreen.storyboard */; };
		99C76972249A4EBA00FEC8D7 /* FormViewController.swift in Sources */ = {isa = PBXBuildFile; fileRef = 99C76971249A4EBA00FEC8D7 /* FormViewController.swift */; };
/* End PBXBuildFile section */

/* Begin PBXFileReference section */
		99C7695A249A4A0F00FEC8D7 /* SubmitValue-Back.app */ = {isa = PBXFileReference; explicitFileType = wrapper.application; includeInIndex = 0; path = "SubmitValue-Back.app"; sourceTree = BUILT_PRODUCTS_DIR; };
		99C7695D249A4A0F00FEC8D7 /* AppDelegate.swift */ = {isa = PBXFileReference; lastKnownFileType = sourcecode.swift; path = AppDelegate.swift; sourceTree = "<group>"; };
		99C7695F249A4A0F00FEC8D7 /* SceneDelegate.swift */ = {isa = PBXFileReference; lastKnownFileType = sourcecode.swift; path = SceneDelegate.swift; sourceTree = "<group>"; };
		99C76961249A4A0F00FEC8D7 /* ViewController.swift */ = {isa = PBXFileReference; lastKnownFileType = sourcecode.swift; path = ViewController.swift; sourceTree = "<group>"; };
		99C76964249A4A0F00FEC8D7 /* Base */ = {isa = PBXFileReference; lastKnownFileType = file.storyboard; name = Base; path = Base.lproj/Main.storyboard; sourceTree = "<group>"; };
		99C76966249A4A1400FEC8D7 /* Assets.xcassets */ = {isa = PBXFileReference; lastKnownFileType = folder.assetcatalog; path = Assets.xcassets; sourceTree = "<group>"; };
		99C76969249A4A1400FEC8D7 /* Base */ = {isa = PBXFileReference; lastKnownFileType = file.storyboard; name = Base; path = Base.lproj/LaunchScreen.storyboard; sourceTree = "<group>"; };
		99C7696B249A4A1400FEC8D7 /* Info.plist */ = {isa = PBXFileReference; lastKnownFileType = text.plist.xml; path = Info.plist; sourceTree = "<group>"; };
		99C76971249A4EBA00FEC8D7 /* FormViewController.swift */ = {isa = PBXFileReference; lastKnownFileType = sourcecode.swift; path = FormViewController.swift; sourceTree = "<group>"; };
/* End PBXFileReference section */

/* Begin PBXFrameworksBuildPhase section */
		99C76957249A4A0F00FEC8D7 /* Frameworks */ = {
			isa = PBXFrameworksBuildPhase;
			buildActionMask = 2147483647;
			files = (
			);
			runOnlyForDeploymentPostprocessing = 0;
		};
/* End PBXFrameworksBuildPhase section */

/* Begin PBXGroup section */
		99C76951249A4A0F00FEC8D7 = {
			isa = PBXGroup;
			children = (
				99C7695C249A4A0F00FEC8D7 /* SubmitValue-Back */,
				99C7695B249A4A0F00FEC8D7 /* Products */,
			);
			sourceTree = "<group>";
		};
		99C7695B249A4A0F00FEC8D7 /* Products */ = {
			isa = PBXGroup;
			children = (
				99C7695A249A4A0F00FEC8D7 /* SubmitValue-Back.app */,
			);
			name = Products;
			sourceTree = "<group>";
		};
		99C7695C249A4A0F00FEC8D7 /* SubmitValue-Back */ = {
			isa = PBXGroup;
			children = (
				99C7695D249A4A0F00FEC8D7 /* AppDelegate.swift */,
				99C7695F249A4A0F00FEC8D7 /* SceneDelegate.swift */,
				99C76961249A4A0F00FEC8D7 /* ViewController.swift */,
				99C76971249A4EBA00FEC8D7 /* FormViewController.swift */,
				99C76963249A4A0F00FEC8D7 /* Main.storyboard */,
				99C76966249A4A1400FEC8D7 /* Assets.xcassets */,
				99C76968249A4A1400FEC8D7 /* LaunchScreen.storyboard */,
				99C7696B249A4A1400FEC8D7 /* Info.plist */,
			);
			path = "SubmitValue-Back";
			sourceTree = "<group>";
		};
/* End PBXGroup section */

/* Begin PBXNativeTarget section */
		99C76959249A4A0F00FEC8D7 /* SubmitValue-Back */ = {
			isa = PBXNativeTarget;
			buildConfigurationList = 99C7696E249A4A1400FEC8D7 /* Build configuration list for PBXNativeTarget "SubmitValue-Back" */;
			buildPhases = (
				99C76956249A4A0F00FEC8D7 /* Sources */,
				99C76957249A4A0F00FEC8D7 /* Frameworks */,
				99C76958249A4A0F00FEC8D7 /* Resources */,
			);
			buildRules = (
			);
			dependencies = (
			);
			name = "SubmitValue-Back";
			productName = "SubmitValue-Back";
			productReference = 99C7695A249A4A0F00FEC8D7 /* SubmitValue-Back.app */;
			productType = "com.apple.product-type.application";
		};
/* End PBXNativeTarget section */

/* Begin PBXProject section */
		99C76952249A4A0F00FEC8D7 /* Project object */ = {
			isa = PBXProject;
			attributes = {
				LastSwiftUpdateCheck = 1150;
				LastUpgradeCheck = 1150;
				ORGANIZATIONNAME = paikwiki;
				TargetAttributes = {
					99C76959249A4A0F00FEC8D7 = {
						CreatedOnToolsVersion = 11.5;
					};
				};
			};
			buildConfigurationList = 99C76955249A4A0F00FEC8D7 /* Build configuration list for PBXProject "SubmitValue-Back" */;
			compatibilityVersion = "Xcode 9.3";
			developmentRegion = en;
			hasScannedForEncodings = 0;
			knownRegions = (
				en,
				Base,
			);
			mainGroup = 99C76951249A4A0F00FEC8D7;
			productRefGroup = 99C7695B249A4A0F00FEC8D7 /* Products */;
			projectDirPath = "";
			projectRoot = "";
			targets = (
				99C76959249A4A0F00FEC8D7 /* SubmitValue-Back */,
			);
		};
/* End PBXProject section */

/* Begin PBXResourcesBuildPhase section */
		99C76958249A4A0F00FEC8D7 /* Resources */ = {
			isa = PBXResourcesBuildPhase;
			buildActionMask = 2147483647;
			files = (
				99C7696A249A4A1400FEC8D7 /* LaunchScreen.storyboard in Resources */,
				99C76967249A4A1400FEC8D7 /* Assets.xcassets in Resources */,
				99C76965249A4A0F00FEC8D7 /* Main.storyboard in Resources */,
			);
			runOnlyForDeploymentPostprocessing = 0;
		};
/* End PBXResourcesBuildPhase section */

/* Begin PBXSourcesBuildPhase section */
		99C76956249A4A0F00FEC8D7 /* Sources */ = {
			isa = PBXSourcesBuildPhase;
			buildActionMask = 2147483647;
			files = (
				99C76962249A4A0F00FEC8D7 /* ViewController.swift in Sources */,
				99C7695E249A4A0F00FEC8D7 /* AppDelegate.swift in Sources */,
				99C76972249A4EBA00FEC8D7 /* FormViewController.swift in Sources */,
				99C76960249A4A0F00FEC8D7 /* SceneDelegate.swift in Sources */,
			);
			runOnlyForDeploymentPostprocessing = 0;
		};
/* End PBXSourcesBuildPhase section */

/* Begin PBXVariantGroup section */
		99C76963249A4A0F00FEC8D7 /* Main.storyboard */ = {
			isa = PBXVariantGroup;
			children = (
				99C76964249A4A0F00FEC8D7 /* Base */,
			);
			name = Main.storyboard;
			sourceTree = "<group>";
		};
		99C76968249A4A1400FEC8D7 /* LaunchScreen.storyboard */ = {
			isa = PBXVariantGroup;
			children = (
				99C76969249A4A1400FEC8D7 /* Base */,
			);
			name = LaunchScreen.storyboard;
			sourceTree = "<group>";
		};
/* End PBXVariantGroup section */

/* Begin XCBuildConfiguration section */
		99C7696C249A4A1400FEC8D7 /* Debug */ = {
			isa = XCBuildConfiguration;
			buildSettings = {
				ALWAYS_SEARCH_USER_PATHS = NO;
				CLANG_ANALYZER_NONNULL = YES;
				CLANG_ANALYZER_NUMBER_OBJECT_CONVERSION = YES_AGGRESSIVE;
				CLANG_CXX_LANGUAGE_STANDARD = "gnu++14";
				CLANG_CXX_LIBRARY = "libc++";
				CLANG_ENABLE_MODULES = YES;
				CLANG_ENABLE_OBJC_ARC = YES;
				CLANG_ENABLE_OBJC_WEAK = YES;
				CLANG_WARN_BLOCK_CAPTURE_AUTORELEASING = YES;
				CLANG_WARN_BOOL_CONVERSION = YES;
				CLANG_WARN_COMMA = YES;
				CLANG_WARN_CONSTANT_CONVERSION = YES;
				CLANG_WARN_DEPRECATED_OBJC_IMPLEMENTATIONS = YES;
				CLANG_WARN_DIRECT_OBJC_ISA_USAGE = YES_ERROR;
				CLANG_WARN_DOCUMENTATION_COMMENTS = YES;
				CLANG_WARN_EMPTY_BODY = YES;
				CLANG_WARN_ENUM_CONVERSION = YES;
				CLANG_WARN_INFINITE_RECURSION = YES;
				CLANG_WARN_INT_CONVERSION = YES;
				CLANG_WARN_NON_LITERAL_NULL_CONVERSION = YES;
				CLANG_WARN_OBJC_IMPLICIT_RETAIN_SELF = YES;
				CLANG_WARN_OBJC_LITERAL_CONVERSION = YES;
				CLANG_WARN_OBJC_ROOT_CLASS = YES_ERROR;
				CLANG_WARN_RANGE_LOOP_ANALYSIS = YES;
				CLANG_WARN_STRICT_PROTOTYPES = YES;
				CLANG_WARN_SUSPICIOUS_MOVE = YES;
				CLANG_WARN_UNGUARDED_AVAILABILITY = YES_AGGRESSIVE;
				CLANG_WARN_UNREACHABLE_CODE = YES;
				CLANG_WARN__DUPLICATE_METHOD_MATCH = YES;
				COPY_PHASE_STRIP = NO;
				DEBUG_INFORMATION_FORMAT = dwarf;
				ENABLE_STRICT_OBJC_MSGSEND = YES;
				ENABLE_TESTABILITY = YES;
				GCC_C_LANGUAGE_STANDARD = gnu11;
				GCC_DYNAMIC_NO_PIC = NO;
				GCC_NO_COMMON_BLOCKS = YES;
				GCC_OPTIMIZATION_LEVEL = 0;
				GCC_PREPROCESSOR_DEFINITIONS = (
					"DEBUG=1",
					"$(inherited)",
				);
				GCC_WARN_64_TO_32_BIT_CONVERSION = YES;
				GCC_WARN_ABOUT_RETURN_TYPE = YES_ERROR;
				GCC_WARN_UNDECLARED_SELECTOR = YES;
				GCC_WARN_UNINITIALIZED_AUTOS = YES_AGGRESSIVE;
				GCC_WARN_UNUSED_FUNCTION = YES;
				GCC_WARN_UNUSED_VARIABLE = YES;
				IPHONEOS_DEPLOYMENT_TARGET = 13.5;
				MTL_ENABLE_DEBUG_INFO = INCLUDE_SOURCE;
				MTL_FAST_MATH = YES;
				ONLY_ACTIVE_ARCH = YES;
				SDKROOT = iphoneos;
				SWIFT_ACTIVE_COMPILATION_CONDITIONS = DEBUG;
				SWIFT_OPTIMIZATION_LEVEL = "-Onone";
			};
			name = Debug;
		};
		99C7696D249A4A1400FEC8D7 /* Release */ = {
			isa = XCBuildConfiguration;
			buildSettings = {
				ALWAYS_SEARCH_USER_PATHS = NO;
				CLANG_ANALYZER_NONNULL = YES;
				CLANG_ANALYZER_NUMBER_OBJECT_CONVERSION = YES_AGGRESSIVE;
				CLANG_CXX_LANGUAGE_STANDARD = "gnu++14";
				CLANG_CXX_LIBRARY = "libc++";
				CLANG_ENABLE_MODULES = YES;
				CLANG_ENABLE_OBJC_ARC = YES;
				CLANG_ENABLE_OBJC_WEAK = YES;
				CLANG_WARN_BLOCK_CAPTURE_AUTORELEASING = YES;
				CLANG_WARN_BOOL_CONVERSION = YES;
				CLANG_WARN_COMMA = YES;
				CLANG_WARN_CONSTANT_CONVERSION = YES;
				CLANG_WARN_DEPRECATED_OBJC_IMPLEMENTATIONS = YES;
				CLANG_WARN_DIRECT_OBJC_ISA_USAGE = YES_ERROR;
				CLANG_WARN_DOCUMENTATION_COMMENTS = YES;
				CLANG_WARN_EMPTY_BODY = YES;
				CLANG_WARN_ENUM_CONVERSION = YES;
				CLANG_WARN_INFINITE_RECURSION = YES;
				CLANG_WARN_INT_CONVERSION = YES;
				CLANG_WARN_NON_LITERAL_NULL_CONVERSION = YES;
				CLANG_WARN_OBJC_IMPLICIT_RETAIN_SELF = YES;
				CLANG_WARN_OBJC_LITERAL_CONVERSION = YES;
				CLANG_WARN_OBJC_ROOT_CLASS = YES_ERROR;
				CLANG_WARN_RANGE_LOOP_ANALYSIS = YES;
				CLANG_WARN_STRICT_PROTOTYPES = YES;
				CLANG_WARN_SUSPICIOUS_MOVE = YES;
				CLANG_WARN_UNGUARDED_AVAILABILITY = YES_AGGRESSIVE;
				CLANG_WARN_UNREACHABLE_CODE = YES;
				CLANG_WARN__DUPLICATE_METHOD_MATCH = YES;
				COPY_PHASE_STRIP = NO;
				DEBUG_INFORMATION_FORMAT = "dwarf-with-dsym";
				ENABLE_NS_ASSERTIONS = NO;
				ENABLE_STRICT_OBJC_MSGSEND = YES;
				GCC_C_LANGUAGE_STANDARD = gnu11;
				GCC_NO_COMMON_BLOCKS = YES;
				GCC_WARN_64_TO_32_BIT_CONVERSION = YES;
				GCC_WARN_ABOUT_RETURN_TYPE = YES_ERROR;
				GCC_WARN_UNDECLARED_SELECTOR = YES;
				GCC_WARN_UNINITIALIZED_AUTOS = YES_AGGRESSIVE;
				GCC_WARN_UNUSED_FUNCTION = YES;
				GCC_WARN_UNUSED_VARIABLE = YES;
				IPHONEOS_DEPLOYMENT_TARGET = 13.5;
				MTL_ENABLE_DEBUG_INFO = NO;
				MTL_FAST_MATH = YES;
				SDKROOT = iphoneos;
				SWIFT_COMPILATION_MODE = wholemodule;
				SWIFT_OPTIMIZATION_LEVEL = "-O";
				VALIDATE_PRODUCT = YES;
			};
			name = Release;
		};
		99C7696F249A4A1400FEC8D7 /* Debug */ = {
			isa = XCBuildConfiguration;
			buildSettings = {
				ASSETCATALOG_COMPILER_APPICON_NAME = AppIcon;
				CODE_SIGN_STYLE = Automatic;
				DEVELOPMENT_TEAM = V43P33VM9J;
				INFOPLIST_FILE = "SubmitValue-Back/Info.plist";
				LD_RUNPATH_SEARCH_PATHS = (
					"$(inherited)",
					"@executable_path/Frameworks",
				);
				PRODUCT_BUNDLE_IDENTIFIER = "com.paikwiki.SubmitValue-Back";
				PRODUCT_NAME = "$(TARGET_NAME)";
				SWIFT_VERSION = 5.0;
				TARGETED_DEVICE_FAMILY = 1;
			};
			name = Debug;
		};
		99C76970249A4A1400FEC8D7 /* Release */ = {
			isa = XCBuildConfiguration;
			buildSettings = {
				ASSETCATALOG_COMPILER_APPICON_NAME = AppIcon;
				CODE_SIGN_STYLE = Automatic;
				DEVELOPMENT_TEAM = V43P33VM9J;
				INFOPLIST_FILE = "SubmitValue-Back/Info.plist";
				LD_RUNPATH_SEARCH_PATHS = (
					"$(inherited)",
					"@executable_path/Frameworks",
				);
				PRODUCT_BUNDLE_IDENTIFIER = "com.paikwiki.SubmitValue-Back";
				PRODUCT_NAME = "$(TARGET_NAME)";
				SWIFT_VERSION = 5.0;
				TARGETED_DEVICE_FAMILY = 1;
			};
			name = Release;
		};
/* End XCBuildConfiguration section */

/* Begin XCConfigurationList section */
		99C76955249A4A0F00FEC8D7 /* Build configuration list for PBXProject "SubmitValue-Back" */ = {
			isa = XCConfigurationList;
			buildConfigurations = (
				99C7696C249A4A1400FEC8D7 /* Debug */,
				99C7696D249A4A1400FEC8D7 /* Release */,
			);
			defaultConfigurationIsVisible = 0;
			defaultConfigurationName = Release;
		};
		99C7696E249A4A1400FEC8D7 /* Build configuration list for PBXNativeTarget "SubmitValue-Back" */ = {
			isa = XCConfigurationList;
			buildConfigurations = (
				99C7696F249A4A1400FEC8D7 /* Debug */,
				99C76970249A4A1400FEC8D7 /* Release */,
			);
			defaultConfigurationIsVisible = 0;
			defaultConfigurationName = Release;
		};
/* End XCConfigurationList section */
	};
	rootObject = 99C76952249A4A0F00FEC8D7 /* Project object */;
}
