// !$*UTF8*$!
{
	archiveVersion = 1;
	classes = {
	};
	objectVersion = 50;
	objects = {

/* Begin PBXBuildFile section */
		997F0D9D2498A93400607057 /* AppDelegate.swift in Sources */ = {isa = PBXBuildFile; fileRef = 997F0D9C2498A93400607057 /* AppDelegate.swift */; };
		997F0D9F2498A93400607057 /* SceneDelegate.swift in Sources */ = {isa = PBXBuildFile; fileRef = 997F0D9E2498A93400607057 /* SceneDelegate.swift */; };
		997F0DA12498A93400607057 /* ViewController.swift in Sources */ = {isa = PBXBuildFile; fileRef = 997F0DA02498A93400607057 /* ViewController.swift */; };
		997F0DA42498A93400607057 /* Main.storyboard in Resources */ = {isa = PBXBuildFile; fileRef = 997F0DA22498A93400607057 /* Main.storyboard */; };
		997F0DA62498A95200607057 /* Assets.xcassets in Resources */ = {isa = PBXBuildFile; fileRef = 997F0DA52498A95200607057 /* Assets.xcassets */; };
		997F0DA92498A95200607057 /* LaunchScreen.storyboard in Resources */ = {isa = PBXBuildFile; fileRef = 997F0DA72498A95200607057 /* LaunchScreen.storyboard */; };
/* End PBXBuildFile section */

/* Begin PBXFileReference section */
		997F0D992498A93400607057 /* Scene-ManualSegue.app */ = {isa = PBXFileReference; explicitFileType = wrapper.application; includeInIndex = 0; path = "Scene-ManualSegue.app"; sourceTree = BUILT_PRODUCTS_DIR; };
		997F0D9C2498A93400607057 /* AppDelegate.swift */ = {isa = PBXFileReference; lastKnownFileType = sourcecode.swift; path = AppDelegate.swift; sourceTree = "<group>"; };
		997F0D9E2498A93400607057 /* SceneDelegate.swift */ = {isa = PBXFileReference; lastKnownFileType = sourcecode.swift; path = SceneDelegate.swift; sourceTree = "<group>"; };
		997F0DA02498A93400607057 /* ViewController.swift */ = {isa = PBXFileReference; lastKnownFileType = sourcecode.swift; path = ViewController.swift; sourceTree = "<group>"; };
		997F0DA32498A93400607057 /* Base */ = {isa = PBXFileReference; lastKnownFileType = file.storyboard; name = Base; path = Base.lproj/Main.storyboard; sourceTree = "<group>"; };
		997F0DA52498A95200607057 /* Assets.xcassets */ = {isa = PBXFileReference; lastKnownFileType = folder.assetcatalog; path = Assets.xcassets; sourceTree = "<group>"; };
		997F0DA82498A95200607057 /* Base */ = {isa = PBXFileReference; lastKnownFileType = file.storyboard; name = Base; path = Base.lproj/LaunchScreen.storyboard; sourceTree = "<group>"; };
		997F0DAA2498A95200607057 /* Info.plist */ = {isa = PBXFileReference; lastKnownFileType = text.plist.xml; path = Info.plist; sourceTree = "<group>"; };
/* End PBXFileReference section */

/* Begin PBXFrameworksBuildPhase section */
		997F0D962498A93300607057 /* Frameworks */ = {
			isa = PBXFrameworksBuildPhase;
			buildActionMask = 2147483647;
			files = (
			);
			runOnlyForDeploymentPostprocessing = 0;
		};
/* End PBXFrameworksBuildPhase section */

/* Begin PBXGroup section */
		997F0D902498A93300607057 = {
			isa = PBXGroup;
			children = (
				997F0D9B2498A93400607057 /* Scene-ManualSegue */,
				997F0D9A2498A93400607057 /* Products */,
			);
			sourceTree = "<group>";
		};
		997F0D9A2498A93400607057 /* Products */ = {
			isa = PBXGroup;
			children = (
				997F0D992498A93400607057 /* Scene-ManualSegue.app */,
			);
			name = Products;
			sourceTree = "<group>";
		};
		997F0D9B2498A93400607057 /* Scene-ManualSegue */ = {
			isa = PBXGroup;
			children = (
				997F0D9C2498A93400607057 /* AppDelegate.swift */,
				997F0D9E2498A93400607057 /* SceneDelegate.swift */,
				997F0DA02498A93400607057 /* ViewController.swift */,
				997F0DA22498A93400607057 /* Main.storyboard */,
				997F0DA52498A95200607057 /* Assets.xcassets */,
				997F0DA72498A95200607057 /* LaunchScreen.storyboard */,
				997F0DAA2498A95200607057 /* Info.plist */,
			);
			path = "Scene-ManualSegue";
			sourceTree = "<group>";
		};
/* End PBXGroup section */

/* Begin PBXNativeTarget section */
		997F0D982498A93300607057 /* Scene-ManualSegue */ = {
			isa = PBXNativeTarget;
			buildConfigurationList = 997F0DAD2498A95200607057 /* Build configuration list for PBXNativeTarget "Scene-ManualSegue" */;
			buildPhases = (
				997F0D952498A93300607057 /* Sources */,
				997F0D962498A93300607057 /* Frameworks */,
				997F0D972498A93300607057 /* Resources */,
			);
			buildRules = (
			);
			dependencies = (
			);
			name = "Scene-ManualSegue";
			productName = "Scene-ManualSegue";
			productReference = 997F0D992498A93400607057 /* Scene-ManualSegue.app */;
			productType = "com.apple.product-type.application";
		};
/* End PBXNativeTarget section */

/* Begin PBXProject section */
		997F0D912498A93300607057 /* Project object */ = {
			isa = PBXProject;
			attributes = {
				LastSwiftUpdateCheck = 1150;
				LastUpgradeCheck = 1150;
				ORGANIZATIONNAME = paikwiki;
				TargetAttributes = {
					997F0D982498A93300607057 = {
						CreatedOnToolsVersion = 11.5;
					};
				};
			};
			buildConfigurationList = 997F0D942498A93300607057 /* Build configuration list for PBXProject "Scene-ManualSegue" */;
			compatibilityVersion = "Xcode 9.3";
			developmentRegion = en;
			hasScannedForEncodings = 0;
			knownRegions = (
				en,
				Base,
			);
			mainGroup = 997F0D902498A93300607057;
			productRefGroup = 997F0D9A2498A93400607057 /* Products */;
			projectDirPath = "";
			projectRoot = "";
			targets = (
				997F0D982498A93300607057 /* Scene-ManualSegue */,
			);
		};
/* End PBXProject section */

/* Begin PBXResourcesBuildPhase section */
		997F0D972498A93300607057 /* Resources */ = {
			isa = PBXResourcesBuildPhase;
			buildActionMask = 2147483647;
			files = (
				997F0DA92498A95200607057 /* LaunchScreen.storyboard in Resources */,
				997F0DA62498A95200607057 /* Assets.xcassets in Resources */,
				997F0DA42498A93400607057 /* Main.storyboard in Resources */,
			);
			runOnlyForDeploymentPostprocessing = 0;
		};
/* End PBXResourcesBuildPhase section */

/* Begin PBXSourcesBuildPhase section */
		997F0D952498A93300607057 /* Sources */ = {
			isa = PBXSourcesBuildPhase;
			buildActionMask = 2147483647;
			files = (
				997F0DA12498A93400607057 /* ViewController.swift in Sources */,
				997F0D9D2498A93400607057 /* AppDelegate.swift in Sources */,
				997F0D9F2498A93400607057 /* SceneDelegate.swift in Sources */,
			);
			runOnlyForDeploymentPostprocessing = 0;
		};
/* End PBXSourcesBuildPhase section */

/* Begin PBXVariantGroup section */
		997F0DA22498A93400607057 /* Main.storyboard */ = {
			isa = PBXVariantGroup;
			children = (
				997F0DA32498A93400607057 /* Base */,
			);
			name = Main.storyboard;
			sourceTree = "<group>";
		};
		997F0DA72498A95200607057 /* LaunchScreen.storyboard */ = {
			isa = PBXVariantGroup;
			children = (
				997F0DA82498A95200607057 /* Base */,
			);
			name = LaunchScreen.storyboard;
			sourceTree = "<group>";
		};
/* End PBXVariantGroup section */

/* Begin XCBuildConfiguration section */
		997F0DAB2498A95200607057 /* Debug */ = {
			isa = XCBuildConfiguration;
			buildSettings = {
				ALWAYS_SEARCH_USER_PATHS = NO;
				CLANG_ANALYZER_NONNULL = YES;
				CLANG_ANALYZER_NUMBER_OBJECT_CONVERSION = YES_AGGRESSIVE;
				CLANG_CXX_LANGUAGE_STANDARD = "gnu++14";
				CLANG_CXX_LIBRARY = "libc++";
				CLANG_ENABLE_MODULES = YES;
				CLANG_ENABLE_OBJC_ARC = YES;
				CLANG_ENABLE_OBJC_WEAK = YES;
				CLANG_WARN_BLOCK_CAPTURE_AUTORELEASING = YES;
				CLANG_WARN_BOOL_CONVERSION = YES;
				CLANG_WARN_COMMA = YES;
				CLANG_WARN_CONSTANT_CONVERSION = YES;
				CLANG_WARN_DEPRECATED_OBJC_IMPLEMENTATIONS = YES;
				CLANG_WARN_DIRECT_OBJC_ISA_USAGE = YES_ERROR;
				CLANG_WARN_DOCUMENTATION_COMMENTS = YES;
				CLANG_WARN_EMPTY_BODY = YES;
				CLANG_WARN_ENUM_CONVERSION = YES;
				CLANG_WARN_INFINITE_RECURSION = YES;
				CLANG_WARN_INT_CONVERSION = YES;
				CLANG_WARN_NON_LITERAL_NULL_CONVERSION = YES;
				CLANG_WARN_OBJC_IMPLICIT_RETAIN_SELF = YES;
				CLANG_WARN_OBJC_LITERAL_CONVERSION = YES;
				CLANG_WARN_OBJC_ROOT_CLASS = YES_ERROR;
				CLANG_WARN_RANGE_LOOP_ANALYSIS = YES;
				CLANG_WARN_STRICT_PROTOTYPES = YES;
				CLANG_WARN_SUSPICIOUS_MOVE = YES;
				CLANG_WARN_UNGUARDED_AVAILABILITY = YES_AGGRESSIVE;
				CLANG_WARN_UNREACHABLE_CODE = YES;
				CLANG_WARN__DUPLICATE_METHOD_MATCH = YES;
				COPY_PHASE_STRIP = NO;
				DEBUG_INFORMATION_FORMAT = dwarf;
				ENABLE_STRICT_OBJC_MSGSEND = YES;
				ENABLE_TESTABILITY = YES;
				GCC_C_LANGUAGE_STANDARD = gnu11;
				GCC_DYNAMIC_NO_PIC = NO;
				GCC_NO_COMMON_BLOCKS = YES;
				GCC_OPTIMIZATION_LEVEL = 0;
				GCC_PREPROCESSOR_DEFINITIONS = (
					"DEBUG=1",
					"$(inherited)",
				);
				GCC_WARN_64_TO_32_BIT_CONVERSION = YES;
				GCC_WARN_ABOUT_RETURN_TYPE = YES_ERROR;
				GCC_WARN_UNDECLARED_SELECTOR = YES;
				GCC_WARN_UNINITIALIZED_AUTOS = YES_AGGRESSIVE;
				GCC_WARN_UNUSED_FUNCTION = YES;
				GCC_WARN_UNUSED_VARIABLE = YES;
				IPHONEOS_DEPLOYMENT_TARGET = 13.5;
				MTL_ENABLE_DEBUG_INFO = INCLUDE_SOURCE;
				MTL_FAST_MATH = YES;
				ONLY_ACTIVE_ARCH = YES;
				SDKROOT = iphoneos;
				SWIFT_ACTIVE_COMPILATION_CONDITIONS = DEBUG;
				SWIFT_OPTIMIZATION_LEVEL = "-Onone";
			};
			name = Debug;
		};
		997F0DAC2498A95200607057 /* Release */ = {
			isa = XCBuildConfiguration;
			buildSettings = {
				ALWAYS_SEARCH_USER_PATHS = NO;
				CLANG_ANALYZER_NONNULL = YES;
				CLANG_ANALYZER_NUMBER_OBJECT_CONVERSION = YES_AGGRESSIVE;
				CLANG_CXX_LANGUAGE_STANDARD = "gnu++14";
				CLANG_CXX_LIBRARY = "libc++";
				CLANG_ENABLE_MODULES = YES;
				CLANG_ENABLE_OBJC_ARC = YES;
				CLANG_ENABLE_OBJC_WEAK = YES;
				CLANG_WARN_BLOCK_CAPTURE_AUTORELEASING = YES;
				CLANG_WARN_BOOL_CONVERSION = YES;
				CLANG_WARN_COMMA = YES;
				CLANG_WARN_CONSTANT_CONVERSION = YES;
				CLANG_WARN_DEPRECATED_OBJC_IMPLEMENTATIONS = YES;
				CLANG_WARN_DIRECT_OBJC_ISA_USAGE = YES_ERROR;
				CLANG_WARN_DOCUMENTATION_COMMENTS = YES;
				CLANG_WARN_EMPTY_BODY = YES;
				CLANG_WARN_ENUM_CONVERSION = YES;
				CLANG_WARN_INFINITE_RECURSION = YES;
				CLANG_WARN_INT_CONVERSION = YES;
				CLANG_WARN_NON_LITERAL_NULL_CONVERSION = YES;
				CLANG_WARN_OBJC_IMPLICIT_RETAIN_SELF = YES;
				CLANG_WARN_OBJC_LITERAL_CONVERSION = YES;
				CLANG_WARN_OBJC_ROOT_CLASS = YES_ERROR;
				CLANG_WARN_RANGE_LOOP_ANALYSIS = YES;
				CLANG_WARN_STRICT_PROTOTYPES = YES;
				CLANG_WARN_SUSPICIOUS_MOVE = YES;
				CLANG_WARN_UNGUARDED_AVAILABILITY = YES_AGGRESSIVE;
				CLANG_WARN_UNREACHABLE_CODE = YES;
				CLANG_WARN__DUPLICATE_METHOD_MATCH = YES;
				COPY_PHASE_STRIP = NO;
				DEBUG_INFORMATION_FORMAT = "dwarf-with-dsym";
				ENABLE_NS_ASSERTIONS = NO;
				ENABLE_STRICT_OBJC_MSGSEND = YES;
				GCC_C_LANGUAGE_STANDARD = gnu11;
				GCC_NO_COMMON_BLOCKS = YES;
				GCC_WARN_64_TO_32_BIT_CONVERSION = YES;
				GCC_WARN_ABOUT_RETURN_TYPE = YES_ERROR;
				GCC_WARN_UNDECLARED_SELECTOR = YES;
				GCC_WARN_UNINITIALIZED_AUTOS = YES_AGGRESSIVE;
				GCC_WARN_UNUSED_FUNCTION = YES;
				GCC_WARN_UNUSED_VARIABLE = YES;
				IPHONEOS_DEPLOYMENT_TARGET = 13.5;
				MTL_ENABLE_DEBUG_INFO = NO;
				MTL_FAST_MATH = YES;
				SDKROOT = iphoneos;
				SWIFT_COMPILATION_MODE = wholemodule;
				SWIFT_OPTIMIZATION_LEVEL = "-O";
				VALIDATE_PRODUCT = YES;
			};
			name = Release;
		};
		997F0DAE2498A95200607057 /* Debug */ = {
			isa = XCBuildConfiguration;
			buildSettings = {
				ASSETCATALOG_COMPILER_APPICON_NAME = AppIcon;
				CODE_SIGN_STYLE = Automatic;
				DEVELOPMENT_TEAM = V43P33VM9J;
				INFOPLIST_FILE = "Scene-ManualSegue/Info.plist";
				LD_RUNPATH_SEARCH_PATHS = (
					"$(inherited)",
					"@executable_path/Frameworks",
				);
				PRODUCT_BUNDLE_IDENTIFIER = "com.paikwiki.Scene-ManualSegue";
				PRODUCT_NAME = "$(TARGET_NAME)";
				SWIFT_VERSION = 5.0;
				TARGETED_DEVICE_FAMILY = 1;
			};
			name = Debug;
		};
		997F0DAF2498A95200607057 /* Release */ = {
			isa = XCBuildConfiguration;
			buildSettings = {
				ASSETCATALOG_COMPILER_APPICON_NAME = AppIcon;
				CODE_SIGN_STYLE = Automatic;
				DEVELOPMENT_TEAM = V43P33VM9J;
				INFOPLIST_FILE = "Scene-ManualSegue/Info.plist";
				LD_RUNPATH_SEARCH_PATHS = (
					"$(inherited)",
					"@executable_path/Frameworks",
				);
				PRODUCT_BUNDLE_IDENTIFIER = "com.paikwiki.Scene-ManualSegue";
				PRODUCT_NAME = "$(TARGET_NAME)";
				SWIFT_VERSION = 5.0;
				TARGETED_DEVICE_FAMILY = 1;
			};
			name = Release;
		};
/* End XCBuildConfiguration section */

/* Begin XCConfigurationList section */
		997F0D942498A93300607057 /* Build configuration list for PBXProject "Scene-ManualSegue" */ = {
			isa = XCConfigurationList;
			buildConfigurations = (
				997F0DAB2498A95200607057 /* Debug */,
				997F0DAC2498A95200607057 /* Release */,
			);
			defaultConfigurationIsVisible = 0;
			defaultConfigurationName = Release;
		};
		997F0DAD2498A95200607057 /* Build configuration list for PBXNativeTarget "Scene-ManualSegue" */ = {
			isa = XCConfigurationList;
			buildConfigurations = (
				997F0DAE2498A95200607057 /* Debug */,
				997F0DAF2498A95200607057 /* Release */,
			);
			defaultConfigurationIsVisible = 0;
			defaultConfigurationName = Release;
		};
/* End XCConfigurationList section */
	};
	rootObject = 997F0D912498A93300607057 /* Project object */;
}
